
Microsoft Visual Studio Solution File, Format Version 12.00
# Visual Studio Version 17
VisualStudioVersion = 17.9.34902.65
MinimumVisualStudioVersion = 10.0.40219.1
Project("{FAE04EC0-301F-11D3-BF4B-00C04F79EFBC}") = "EXAMEN-14-11-2024", "EXAMEN-14-11-2024\EXAMEN-14-11-2024.csproj", "{7A3EE0C3-5A16-450F-848E-A96FD934A4D7}"
EndProject
Global
	GlobalSection(SolutionConfigurationPlatforms) = preSolution
		Debug|Any CPU = Debug|Any CPU
		Release|Any CPU = Release|Any CPU
	EndGlobalSection
	GlobalSection(ProjectConfigurationPlatforms) = postSolution
		{7A3EE0C3-5A16-450F-848E-A96FD934A4D7}.Debug|Any CPU.ActiveCfg = Debug|Any CPU
		{7A3EE0C3-5A16-450F-848E-A96FD934A4D7}.Debug|Any CPU.Build.0 = Debug|Any CPU
		{7A3EE0C3-5A16-450F-848E-A96FD934A4D7}.Release|Any CPU.ActiveCfg = Release|Any CPU
		{7A3EE0C3-5A16-450F-848E-A96FD934A4D7}.Release|Any CPU.Build.0 = Release|Any CPU
	EndGlobalSection
	GlobalSection(SolutionProperties) = preSolution
		HideSolutionNode = FALSE
	EndGlobalSection
	GlobalSection(ExtensibilityGlobals) = postSolution
		SolutionGuid = {3440BEB8-051F-4292-B29F-46BEA9FDE0D4}
	EndGlobalSection
EndGlobal
